// !$*UTF8*$!
{
	archiveVersion = 1;
	classes = {
	};
	objectVersion = 56;
	objects = {

/* Begin PBXBuildFile section */
		6D35E9C42BA836F300699588 /* AppDelegate.swift in Sources */ = {isa = PBXBuildFile; fileRef = 6D35E9C32BA836F300699588 /* AppDelegate.swift */; };
		6D35E9C62BA836F300699588 /* SceneDelegate.swift in Sources */ = {isa = PBXBuildFile; fileRef = 6D35E9C52BA836F300699588 /* SceneDelegate.swift */; };
		6D35E9C82BA836F300699588 /* AddRecipeViewController.swift in Sources */ = {isa = PBXBuildFile; fileRef = 6D35E9C72BA836F300699588 /* AddRecipeViewController.swift */; };
		6D35E9CB2BA836F300699588 /* Base in Resources */ = {isa = PBXBuildFile; fileRef = 6D35E9CA2BA836F300699588 /* Base */; };
		6D35E9CD2BA836F500699588 /* Assets.xcassets in Resources */ = {isa = PBXBuildFile; fileRef = 6D35E9CC2BA836F500699588 /* Assets.xcassets */; };
		6D35E9D02BA836F500699588 /* Base in Resources */ = {isa = PBXBuildFile; fileRef = 6D35E9CF2BA836F500699588 /* Base */; };
		6D35E9DB2BA836F500699588 /* MA23_FoodAppTests.swift in Sources */ = {isa = PBXBuildFile; fileRef = 6D35E9DA2BA836F500699588 /* MA23_FoodAppTests.swift */; };
		6D35E9E52BA836F500699588 /* MA23_FoodAppUITests.swift in Sources */ = {isa = PBXBuildFile; fileRef = 6D35E9E42BA836F500699588 /* MA23_FoodAppUITests.swift */; };
		6D35E9E72BA836F500699588 /* MA23_FoodAppUITestsLaunchTests.swift in Sources */ = {isa = PBXBuildFile; fileRef = 6D35E9E62BA836F500699588 /* MA23_FoodAppUITestsLaunchTests.swift */; };
		6D35E9F42BA8378C00699588 /* Recipe.swift in Sources */ = {isa = PBXBuildFile; fileRef = 6D35E9F32BA8378C00699588 /* Recipe.swift */; };
		6D35E9F72BA8397D00699588 /* RecipeBook.swift in Sources */ = {isa = PBXBuildFile; fileRef = 6D35E9F62BA8397D00699588 /* RecipeBook.swift */; };
		6D35E9F92BA8628A00699588 /* StartViewController.swift in Sources */ = {isa = PBXBuildFile; fileRef = 6D35E9F82BA8628A00699588 /* StartViewController.swift */; };
		6D35E9FB2BA86D2300699588 /* FindRecipeViewController.swift in Sources */ = {isa = PBXBuildFile; fileRef = 6D35E9FA2BA86D2300699588 /* FindRecipeViewController.swift */; };
		6D35E9FD2BA9C40400699588 /* AddIngredientViewController.swift in Sources */ = {isa = PBXBuildFile; fileRef = 6D35E9FC2BA9C40400699588 /* AddIngredientViewController.swift */; };
		6DE15BC92BAC6C7A00776F68 /* IngredientTableViewCell.swift in Sources */ = {isa = PBXBuildFile; fileRef = 6DE15BC82BAC6C7A00776F68 /* IngredientTableViewCell.swift */; };
		6DE15C4A2BB1B69000776F68 /* RecipeTableViewController.swift in Sources */ = {isa = PBXBuildFile; fileRef = 6DE15C492BB1B69000776F68 /* RecipeTableViewController.swift */; };
		6DE15C4C2BB1BE5900776F68 /* DetailsRecipeScrollViewController.swift in Sources */ = {isa = PBXBuildFile; fileRef = 6DE15C4B2BB1BE5900776F68 /* DetailsRecipeScrollViewController.swift */; };
		6DE15C8E2BB2C4D200776F68 /* RecipeDetailsViewController.swift in Sources */ = {isa = PBXBuildFile; fileRef = 6DE15C8D2BB2C4D200776F68 /* RecipeDetailsViewController.swift */; };
		6DE15C962BB2FC3A00776F68 /* RecipeTableViewCell.swift in Sources */ = {isa = PBXBuildFile; fileRef = 6DE15C952BB2FC3A00776F68 /* RecipeTableViewCell.swift */; };
/* End PBXBuildFile section */

/* Begin PBXContainerItemProxy section */
		6D35E9D72BA836F500699588 /* PBXContainerItemProxy */ = {
			isa = PBXContainerItemProxy;
			containerPortal = 6D35E9B82BA836F300699588 /* Project object */;
			proxyType = 1;
			remoteGlobalIDString = 6D35E9BF2BA836F300699588;
			remoteInfo = MA23_FoodApp;
		};
		6D35E9E12BA836F500699588 /* PBXContainerItemProxy */ = {
			isa = PBXContainerItemProxy;
			containerPortal = 6D35E9B82BA836F300699588 /* Project object */;
			proxyType = 1;
			remoteGlobalIDString = 6D35E9BF2BA836F300699588;
			remoteInfo = MA23_FoodApp;
		};
/* End PBXContainerItemProxy section */

/* Begin PBXFileReference section */
		6D35E9C02BA836F300699588 /* MA23_FoodApp.app */ = {isa = PBXFileReference; explicitFileType = wrapper.application; includeInIndex = 0; path = MA23_FoodApp.app; sourceTree = BUILT_PRODUCTS_DIR; };
		6D35E9C32BA836F300699588 /* AppDelegate.swift */ = {isa = PBXFileReference; lastKnownFileType = sourcecode.swift; path = AppDelegate.swift; sourceTree = "<group>"; };
		6D35E9C52BA836F300699588 /* SceneDelegate.swift */ = {isa = PBXFileReference; lastKnownFileType = sourcecode.swift; path = SceneDelegate.swift; sourceTree = "<group>"; };
		6D35E9C72BA836F300699588 /* AddRecipeViewController.swift */ = {isa = PBXFileReference; lastKnownFileType = sourcecode.swift; path = AddRecipeViewController.swift; sourceTree = "<group>"; };
		6D35E9CA2BA836F300699588 /* Base */ = {isa = PBXFileReference; lastKnownFileType = file.storyboard; name = Base; path = Base.lproj/Main.storyboard; sourceTree = "<group>"; };
		6D35E9CC2BA836F500699588 /* Assets.xcassets */ = {isa = PBXFileReference; lastKnownFileType = folder.assetcatalog; path = Assets.xcassets; sourceTree = "<group>"; };
		6D35E9CF2BA836F500699588 /* Base */ = {isa = PBXFileReference; lastKnownFileType = file.storyboard; name = Base; path = Base.lproj/LaunchScreen.storyboard; sourceTree = "<group>"; };
		6D35E9D12BA836F500699588 /* Info.plist */ = {isa = PBXFileReference; lastKnownFileType = text.plist.xml; path = Info.plist; sourceTree = "<group>"; };
		6D35E9D62BA836F500699588 /* MA23_FoodAppTests.xctest */ = {isa = PBXFileReference; explicitFileType = wrapper.cfbundle; includeInIndex = 0; path = MA23_FoodAppTests.xctest; sourceTree = BUILT_PRODUCTS_DIR; };
		6D35E9DA2BA836F500699588 /* MA23_FoodAppTests.swift */ = {isa = PBXFileReference; lastKnownFileType = sourcecode.swift; path = MA23_FoodAppTests.swift; sourceTree = "<group>"; };
		6D35E9E02BA836F500699588 /* MA23_FoodAppUITests.xctest */ = {isa = PBXFileReference; explicitFileType = wrapper.cfbundle; includeInIndex = 0; path = MA23_FoodAppUITests.xctest; sourceTree = BUILT_PRODUCTS_DIR; };
		6D35E9E42BA836F500699588 /* MA23_FoodAppUITests.swift */ = {isa = PBXFileReference; lastKnownFileType = sourcecode.swift; path = MA23_FoodAppUITests.swift; sourceTree = "<group>"; };
		6D35E9E62BA836F500699588 /* MA23_FoodAppUITestsLaunchTests.swift */ = {isa = PBXFileReference; lastKnownFileType = sourcecode.swift; path = MA23_FoodAppUITestsLaunchTests.swift; sourceTree = "<group>"; };
		6D35E9F32BA8378C00699588 /* Recipe.swift */ = {isa = PBXFileReference; lastKnownFileType = sourcecode.swift; path = Recipe.swift; sourceTree = "<group>"; };
		6D35E9F62BA8397D00699588 /* RecipeBook.swift */ = {isa = PBXFileReference; lastKnownFileType = sourcecode.swift; path = RecipeBook.swift; sourceTree = "<group>"; };
		6D35E9F82BA8628A00699588 /* StartViewController.swift */ = {isa = PBXFileReference; lastKnownFileType = sourcecode.swift; path = StartViewController.swift; sourceTree = "<group>"; };
		6D35E9FA2BA86D2300699588 /* FindRecipeViewController.swift */ = {isa = PBXFileReference; lastKnownFileType = sourcecode.swift; path = FindRecipeViewController.swift; sourceTree = "<group>"; };
		6D35E9FC2BA9C40400699588 /* AddIngredientViewController.swift */ = {isa = PBXFileReference; lastKnownFileType = sourcecode.swift; path = AddIngredientViewController.swift; sourceTree = "<group>"; };
		6DE15BC82BAC6C7A00776F68 /* IngredientTableViewCell.swift */ = {isa = PBXFileReference; lastKnownFileType = sourcecode.swift; path = IngredientTableViewCell.swift; sourceTree = "<group>"; };
		6DE15C492BB1B69000776F68 /* RecipeTableViewController.swift */ = {isa = PBXFileReference; lastKnownFileType = sourcecode.swift; path = RecipeTableViewController.swift; sourceTree = "<group>"; };
		6DE15C4B2BB1BE5900776F68 /* DetailsRecipeScrollViewController.swift */ = {isa = PBXFileReference; lastKnownFileType = sourcecode.swift; path = DetailsRecipeScrollViewController.swift; sourceTree = "<group>"; };
		6DE15C8D2BB2C4D200776F68 /* RecipeDetailsViewController.swift */ = {isa = PBXFileReference; lastKnownFileType = sourcecode.swift; path = RecipeDetailsViewController.swift; sourceTree = "<group>"; };
		6DE15C952BB2FC3A00776F68 /* RecipeTableViewCell.swift */ = {isa = PBXFileReference; lastKnownFileType = sourcecode.swift; path = RecipeTableViewCell.swift; sourceTree = "<group>"; };
/* End PBXFileReference section */

/* Begin PBXFrameworksBuildPhase section */
		6D35E9BD2BA836F300699588 /* Frameworks */ = {
			isa = PBXFrameworksBuildPhase;
			buildActionMask = 2147483647;
			files = (
			);
			runOnlyForDeploymentPostprocessing = 0;
		};
		6D35E9D32BA836F500699588 /* Frameworks */ = {
			isa = PBXFrameworksBuildPhase;
			buildActionMask = 2147483647;
			files = (
			);
			runOnlyForDeploymentPostprocessing = 0;
		};
		6D35E9DD2BA836F500699588 /* Frameworks */ = {
			isa = PBXFrameworksBuildPhase;
			buildActionMask = 2147483647;
			files = (
			);
			runOnlyForDeploymentPostprocessing = 0;
		};
/* End PBXFrameworksBuildPhase section */

/* Begin PBXGroup section */
		6D35E9B72BA836F300699588 = {
			isa = PBXGroup;
			children = (
				6D35E9C22BA836F300699588 /* MA23_FoodApp */,
				6D35E9D92BA836F500699588 /* MA23_FoodAppTests */,
				6D35E9E32BA836F500699588 /* MA23_FoodAppUITests */,
				6D35E9C12BA836F300699588 /* Products */,
			);
			sourceTree = "<group>";
		};
		6D35E9C12BA836F300699588 /* Products */ = {
			isa = PBXGroup;
			children = (
				6D35E9C02BA836F300699588 /* MA23_FoodApp.app */,
				6D35E9D62BA836F500699588 /* MA23_FoodAppTests.xctest */,
				6D35E9E02BA836F500699588 /* MA23_FoodAppUITests.xctest */,
			);
			name = Products;
			sourceTree = "<group>";
		};
		6D35E9C22BA836F300699588 /* MA23_FoodApp */ = {
			isa = PBXGroup;
			children = (
				6DE15C482BB1B5C900776F68 /* ViewControllers */,
				6D35E9F52BA8385B00699588 /* Models */,
				6D35E9C32BA836F300699588 /* AppDelegate.swift */,
				6D35E9C52BA836F300699588 /* SceneDelegate.swift */,
				6D35E9C92BA836F300699588 /* Main.storyboard */,
				6D35E9CC2BA836F500699588 /* Assets.xcassets */,
				6D35E9CE2BA836F500699588 /* LaunchScreen.storyboard */,
				6D35E9D12BA836F500699588 /* Info.plist */,
				6DE15BC82BAC6C7A00776F68 /* IngredientTableViewCell.swift */,
			);
			path = MA23_FoodApp;
			sourceTree = "<group>";
		};
		6D35E9D92BA836F500699588 /* MA23_FoodAppTests */ = {
			isa = PBXGroup;
			children = (
				6D35E9DA2BA836F500699588 /* MA23_FoodAppTests.swift */,
			);
			path = MA23_FoodAppTests;
			sourceTree = "<group>";
		};
		6D35E9E32BA836F500699588 /* MA23_FoodAppUITests */ = {
			isa = PBXGroup;
			children = (
				6D35E9E42BA836F500699588 /* MA23_FoodAppUITests.swift */,
				6D35E9E62BA836F500699588 /* MA23_FoodAppUITestsLaunchTests.swift */,
			);
			path = MA23_FoodAppUITests;
			sourceTree = "<group>";
		};
		6D35E9F52BA8385B00699588 /* Models */ = {
			isa = PBXGroup;
			children = (
				6D35E9F32BA8378C00699588 /* Recipe.swift */,
				6D35E9F62BA8397D00699588 /* RecipeBook.swift */,
			);
			path = Models;
			sourceTree = "<group>";
		};
		6DE15C482BB1B5C900776F68 /* ViewControllers */ = {
			isa = PBXGroup;
			children = (
				6D35E9C72BA836F300699588 /* AddRecipeViewController.swift */,
				6D35E9F82BA8628A00699588 /* StartViewController.swift */,
				6D35E9FA2BA86D2300699588 /* FindRecipeViewController.swift */,
				6D35E9FC2BA9C40400699588 /* AddIngredientViewController.swift */,
				6DE15C492BB1B69000776F68 /* RecipeTableViewController.swift */,
				6DE15C4B2BB1BE5900776F68 /* DetailsRecipeScrollViewController.swift */,
				6DE15C8D2BB2C4D200776F68 /* RecipeDetailsViewController.swift */,
				6DE15C952BB2FC3A00776F68 /* RecipeTableViewCell.swift */,
			);
			path = ViewControllers;
			sourceTree = "<group>";
		};
/* End PBXGroup section */

/* Begin PBXNativeTarget section */
		6D35E9BF2BA836F300699588 /* MA23_FoodApp */ = {
			isa = PBXNativeTarget;
			buildConfigurationList = 6D35E9EA2BA836F500699588 /* Build configuration list for PBXNativeTarget "MA23_FoodApp" */;
			buildPhases = (
				6D35E9BC2BA836F300699588 /* Sources */,
				6D35E9BD2BA836F300699588 /* Frameworks */,
				6D35E9BE2BA836F300699588 /* Resources */,
			);
			buildRules = (
			);
			dependencies = (
			);
			name = MA23_FoodApp;
			productName = MA23_FoodApp;
			productReference = 6D35E9C02BA836F300699588 /* MA23_FoodApp.app */;
			productType = "com.apple.product-type.application";
		};
		6D35E9D52BA836F500699588 /* MA23_FoodAppTests */ = {
			isa = PBXNativeTarget;
			buildConfigurationList = 6D35E9ED2BA836F500699588 /* Build configuration list for PBXNativeTarget "MA23_FoodAppTests" */;
			buildPhases = (
				6D35E9D22BA836F500699588 /* Sources */,
				6D35E9D32BA836F500699588 /* Frameworks */,
				6D35E9D42BA836F500699588 /* Resources */,
			);
			buildRules = (
			);
			dependencies = (
				6D35E9D82BA836F500699588 /* PBXTargetDependency */,
			);
			name = MA23_FoodAppTests;
			productName = MA23_FoodAppTests;
			productReference = 6D35E9D62BA836F500699588 /* MA23_FoodAppTests.xctest */;
			productType = "com.apple.product-type.bundle.unit-test";
		};
		6D35E9DF2BA836F500699588 /* MA23_FoodAppUITests */ = {
			isa = PBXNativeTarget;
			buildConfigurationList = 6D35E9F02BA836F500699588 /* Build configuration list for PBXNativeTarget "MA23_FoodAppUITests" */;
			buildPhases = (
				6D35E9DC2BA836F500699588 /* Sources */,
				6D35E9DD2BA836F500699588 /* Frameworks */,
				6D35E9DE2BA836F500699588 /* Resources */,
			);
			buildRules = (
			);
			dependencies = (
				6D35E9E22BA836F500699588 /* PBXTargetDependency */,
			);
			name = MA23_FoodAppUITests;
			productName = MA23_FoodAppUITests;
			productReference = 6D35E9E02BA836F500699588 /* MA23_FoodAppUITests.xctest */;
			productType = "com.apple.product-type.bundle.ui-testing";
		};
/* End PBXNativeTarget section */

/* Begin PBXProject section */
		6D35E9B82BA836F300699588 /* Project object */ = {
			isa = PBXProject;
			attributes = {
				BuildIndependentTargetsInParallel = 1;
				LastSwiftUpdateCheck = 1530;
				LastUpgradeCheck = 1530;
				TargetAttributes = {
					6D35E9BF2BA836F300699588 = {
						CreatedOnToolsVersion = 15.3;
					};
					6D35E9D52BA836F500699588 = {
						CreatedOnToolsVersion = 15.3;
						TestTargetID = 6D35E9BF2BA836F300699588;
					};
					6D35E9DF2BA836F500699588 = {
						CreatedOnToolsVersion = 15.3;
						TestTargetID = 6D35E9BF2BA836F300699588;
					};
				};
			};
			buildConfigurationList = 6D35E9BB2BA836F300699588 /* Build configuration list for PBXProject "MA23_FoodApp" */;
			compatibilityVersion = "Xcode 14.0";
			developmentRegion = en;
			hasScannedForEncodings = 0;
			knownRegions = (
				en,
				Base,
			);
			mainGroup = 6D35E9B72BA836F300699588;
			productRefGroup = 6D35E9C12BA836F300699588 /* Products */;
			projectDirPath = "";
			projectRoot = "";
			targets = (
				6D35E9BF2BA836F300699588 /* MA23_FoodApp */,
				6D35E9D52BA836F500699588 /* MA23_FoodAppTests */,
				6D35E9DF2BA836F500699588 /* MA23_FoodAppUITests */,
			);
		};
/* End PBXProject section */

/* Begin PBXResourcesBuildPhase section */
		6D35E9BE2BA836F300699588 /* Resources */ = {
			isa = PBXResourcesBuildPhase;
			buildActionMask = 2147483647;
			files = (
				6D35E9CD2BA836F500699588 /* Assets.xcassets in Resources */,
				6D35E9D02BA836F500699588 /* Base in Resources */,
				6D35E9CB2BA836F300699588 /* Base in Resources */,
			);
			runOnlyForDeploymentPostprocessing = 0;
		};
		6D35E9D42BA836F500699588 /* Resources */ = {
			isa = PBXResourcesBuildPhase;
			buildActionMask = 2147483647;
			files = (
			);
			runOnlyForDeploymentPostprocessing = 0;
		};
		6D35E9DE2BA836F500699588 /* Resources */ = {
			isa = PBXResourcesBuildPhase;
			buildActionMask = 2147483647;
			files = (
			);
			runOnlyForDeploymentPostprocessing = 0;
		};
/* End PBXResourcesBuildPhase section */

/* Begin PBXSourcesBuildPhase section */
		6D35E9BC2BA836F300699588 /* Sources */ = {
			isa = PBXSourcesBuildPhase;
			buildActionMask = 2147483647;
			files = (
				6DE15C4C2BB1BE5900776F68 /* DetailsRecipeScrollViewController.swift in Sources */,
				6D35E9C82BA836F300699588 /* AddRecipeViewController.swift in Sources */,
				6D35E9FB2BA86D2300699588 /* FindRecipeViewController.swift in Sources */,
				6DE15C962BB2FC3A00776F68 /* RecipeTableViewCell.swift in Sources */,
				6D35E9C42BA836F300699588 /* AppDelegate.swift in Sources */,
				6D35E9F72BA8397D00699588 /* RecipeBook.swift in Sources */,
				6D35E9C62BA836F300699588 /* SceneDelegate.swift in Sources */,
				6D35E9F42BA8378C00699588 /* Recipe.swift in Sources */,
				6DE15C8E2BB2C4D200776F68 /* RecipeDetailsViewController.swift in Sources */,
				6D35E9F92BA8628A00699588 /* StartViewController.swift in Sources */,
				6D35E9FD2BA9C40400699588 /* AddIngredientViewController.swift in Sources */,
				6DE15BC92BAC6C7A00776F68 /* IngredientTableViewCell.swift in Sources */,
				6DE15C4A2BB1B69000776F68 /* RecipeTableViewController.swift in Sources */,
			);
			runOnlyForDeploymentPostprocessing = 0;
		};
		6D35E9D22BA836F500699588 /* Sources */ = {
			isa = PBXSourcesBuildPhase;
			buildActionMask = 2147483647;
			files = (
				6D35E9DB2BA836F500699588 /* MA23_FoodAppTests.swift in Sources */,
			);
			runOnlyForDeploymentPostprocessing = 0;
		};
		6D35E9DC2BA836F500699588 /* Sources */ = {
			isa = PBXSourcesBuildPhase;
			buildActionMask = 2147483647;
			files = (
				6D35E9E52BA836F500699588 /* MA23_FoodAppUITests.swift in Sources */,
				6D35E9E72BA836F500699588 /* MA23_FoodAppUITestsLaunchTests.swift in Sources */,
			);
			runOnlyForDeploymentPostprocessing = 0;
		};
/* End PBXSourcesBuildPhase section */

/* Begin PBXTargetDependency section */
		6D35E9D82BA836F500699588 /* PBXTargetDependency */ = {
			isa = PBXTargetDependency;
			target = 6D35E9BF2BA836F300699588 /* MA23_FoodApp */;
			targetProxy = 6D35E9D72BA836F500699588 /* PBXContainerItemProxy */;
		};
		6D35E9E22BA836F500699588 /* PBXTargetDependency */ = {
			isa = PBXTargetDependency;
			target = 6D35E9BF2BA836F300699588 /* MA23_FoodApp */;
			targetProxy = 6D35E9E12BA836F500699588 /* PBXContainerItemProxy */;
		};
/* End PBXTargetDependency section */

/* Begin PBXVariantGroup section */
		6D35E9C92BA836F300699588 /* Main.storyboard */ = {
			isa = PBXVariantGroup;
			children = (
				6D35E9CA2BA836F300699588 /* Base */,
			);
			name = Main.storyboard;
			sourceTree = "<group>";
		};
		6D35E9CE2BA836F500699588 /* LaunchScreen.storyboard */ = {
			isa = PBXVariantGroup;
			children = (
				6D35E9CF2BA836F500699588 /* Base */,
			);
			name = LaunchScreen.storyboard;
			sourceTree = "<group>";
		};
/* End PBXVariantGroup section */

/* Begin XCBuildConfiguration section */
		6D35E9E82BA836F500699588 /* Debug */ = {
			isa = XCBuildConfiguration;
			buildSettings = {
				ALWAYS_SEARCH_USER_PATHS = NO;
				ASSETCATALOG_COMPILER_GENERATE_SWIFT_ASSET_SYMBOL_EXTENSIONS = YES;
				CLANG_ANALYZER_NONNULL = YES;
				CLANG_ANALYZER_NUMBER_OBJECT_CONVERSION = YES_AGGRESSIVE;
				CLANG_CXX_LANGUAGE_STANDARD = "gnu++20";
				CLANG_ENABLE_MODULES = YES;
				CLANG_ENABLE_OBJC_ARC = YES;
				CLANG_ENABLE_OBJC_WEAK = YES;
				CLANG_WARN_BLOCK_CAPTURE_AUTORELEASING = YES;
				CLANG_WARN_BOOL_CONVERSION = YES;
				CLANG_WARN_COMMA = YES;
				CLANG_WARN_CONSTANT_CONVERSION = YES;
				CLANG_WARN_DEPRECATED_OBJC_IMPLEMENTATIONS = YES;
				CLANG_WARN_DIRECT_OBJC_ISA_USAGE = YES_ERROR;
				CLANG_WARN_DOCUMENTATION_COMMENTS = YES;
				CLANG_WARN_EMPTY_BODY = YES;
				CLANG_WARN_ENUM_CONVERSION = YES;
				CLANG_WARN_INFINITE_RECURSION = YES;
				CLANG_WARN_INT_CONVERSION = YES;
				CLANG_WARN_NON_LITERAL_NULL_CONVERSION = YES;
				CLANG_WARN_OBJC_IMPLICIT_RETAIN_SELF = YES;
				CLANG_WARN_OBJC_LITERAL_CONVERSION = YES;
				CLANG_WARN_OBJC_ROOT_CLASS = YES_ERROR;
				CLANG_WARN_QUOTED_INCLUDE_IN_FRAMEWORK_HEADER = YES;
				CLANG_WARN_RANGE_LOOP_ANALYSIS = YES;
				CLANG_WARN_STRICT_PROTOTYPES = YES;
				CLANG_WARN_SUSPICIOUS_MOVE = YES;
				CLANG_WARN_UNGUARDED_AVAILABILITY = YES_AGGRESSIVE;
				CLANG_WARN_UNREACHABLE_CODE = YES;
				CLANG_WARN__DUPLICATE_METHOD_MATCH = YES;
				COPY_PHASE_STRIP = NO;
				DEBUG_INFORMATION_FORMAT = dwarf;
				ENABLE_STRICT_OBJC_MSGSEND = YES;
				ENABLE_TESTABILITY = YES;
				ENABLE_USER_SCRIPT_SANDBOXING = YES;
				GCC_C_LANGUAGE_STANDARD = gnu17;
				GCC_DYNAMIC_NO_PIC = NO;
				GCC_NO_COMMON_BLOCKS = YES;
				GCC_OPTIMIZATION_LEVEL = 0;
				GCC_PREPROCESSOR_DEFINITIONS = (
					"DEBUG=1",
					"$(inherited)",
				);
				GCC_WARN_64_TO_32_BIT_CONVERSION = YES;
				GCC_WARN_ABOUT_RETURN_TYPE = YES_ERROR;
				GCC_WARN_UNDECLARED_SELECTOR = YES;
				GCC_WARN_UNINITIALIZED_AUTOS = YES_AGGRESSIVE;
				GCC_WARN_UNUSED_FUNCTION = YES;
				GCC_WARN_UNUSED_VARIABLE = YES;
				IPHONEOS_DEPLOYMENT_TARGET = 17.4;
				LOCALIZATION_PREFERS_STRING_CATALOGS = YES;
				MTL_ENABLE_DEBUG_INFO = INCLUDE_SOURCE;
				MTL_FAST_MATH = YES;
				ONLY_ACTIVE_ARCH = YES;
				SDKROOT = iphoneos;
				SWIFT_ACTIVE_COMPILATION_CONDITIONS = "DEBUG $(inherited)";
				SWIFT_OPTIMIZATION_LEVEL = "-Onone";
			};
			name = Debug;
		};
		6D35E9E92BA836F500699588 /* Release */ = {
			isa = XCBuildConfiguration;
			buildSettings = {
				ALWAYS_SEARCH_USER_PATHS = NO;
				ASSETCATALOG_COMPILER_GENERATE_SWIFT_ASSET_SYMBOL_EXTENSIONS = YES;
				CLANG_ANALYZER_NONNULL = YES;
				CLANG_ANALYZER_NUMBER_OBJECT_CONVERSION = YES_AGGRESSIVE;
				CLANG_CXX_LANGUAGE_STANDARD = "gnu++20";
				CLANG_ENABLE_MODULES = YES;
				CLANG_ENABLE_OBJC_ARC = YES;
				CLANG_ENABLE_OBJC_WEAK = YES;
				CLANG_WARN_BLOCK_CAPTURE_AUTORELEASING = YES;
				CLANG_WARN_BOOL_CONVERSION = YES;
				CLANG_WARN_COMMA = YES;
				CLANG_WARN_CONSTANT_CONVERSION = YES;
				CLANG_WARN_DEPRECATED_OBJC_IMPLEMENTATIONS = YES;
				CLANG_WARN_DIRECT_OBJC_ISA_USAGE = YES_ERROR;
				CLANG_WARN_DOCUMENTATION_COMMENTS = YES;
				CLANG_WARN_EMPTY_BODY = YES;
				CLANG_WARN_ENUM_CONVERSION = YES;
				CLANG_WARN_INFINITE_RECURSION = YES;
				CLANG_WARN_INT_CONVERSION = YES;
				CLANG_WARN_NON_LITERAL_NULL_CONVERSION = YES;
				CLANG_WARN_OBJC_IMPLICIT_RETAIN_SELF = YES;
				CLANG_WARN_OBJC_LITERAL_CONVERSION = YES;
				CLANG_WARN_OBJC_ROOT_CLASS = YES_ERROR;
				CLANG_WARN_QUOTED_INCLUDE_IN_FRAMEWORK_HEADER = YES;
				CLANG_WARN_RANGE_LOOP_ANALYSIS = YES;
				CLANG_WARN_STRICT_PROTOTYPES = YES;
				CLANG_WARN_SUSPICIOUS_MOVE = YES;
				CLANG_WARN_UNGUARDED_AVAILABILITY = YES_AGGRESSIVE;
				CLANG_WARN_UNREACHABLE_CODE = YES;
				CLANG_WARN__DUPLICATE_METHOD_MATCH = YES;
				COPY_PHASE_STRIP = NO;
				DEBUG_INFORMATION_FORMAT = "dwarf-with-dsym";
				ENABLE_NS_ASSERTIONS = NO;
				ENABLE_STRICT_OBJC_MSGSEND = YES;
				ENABLE_USER_SCRIPT_SANDBOXING = YES;
				GCC_C_LANGUAGE_STANDARD = gnu17;
				GCC_NO_COMMON_BLOCKS = YES;
				GCC_WARN_64_TO_32_BIT_CONVERSION = YES;
				GCC_WARN_ABOUT_RETURN_TYPE = YES_ERROR;
				GCC_WARN_UNDECLARED_SELECTOR = YES;
				GCC_WARN_UNINITIALIZED_AUTOS = YES_AGGRESSIVE;
				GCC_WARN_UNUSED_FUNCTION = YES;
				GCC_WARN_UNUSED_VARIABLE = YES;
				IPHONEOS_DEPLOYMENT_TARGET = 17.4;
				LOCALIZATION_PREFERS_STRING_CATALOGS = YES;
				MTL_ENABLE_DEBUG_INFO = NO;
				MTL_FAST_MATH = YES;
				SDKROOT = iphoneos;
				SWIFT_COMPILATION_MODE = wholemodule;
				VALIDATE_PRODUCT = YES;
			};
			name = Release;
		};
		6D35E9EB2BA836F500699588 /* Debug */ = {
			isa = XCBuildConfiguration;
			buildSettings = {
				ASSETCATALOG_COMPILER_APPICON_NAME = AppIcon;
				ASSETCATALOG_COMPILER_GLOBAL_ACCENT_COLOR_NAME = AccentColor;
				CODE_SIGN_STYLE = Automatic;
				CURRENT_PROJECT_VERSION = 1;
				GENERATE_INFOPLIST_FILE = YES;
				INFOPLIST_FILE = MA23_FoodApp/Info.plist;
				INFOPLIST_KEY_UIApplicationSupportsIndirectInputEvents = YES;
				INFOPLIST_KEY_UILaunchStoryboardName = LaunchScreen;
				INFOPLIST_KEY_UIMainStoryboardFile = Main;
				INFOPLIST_KEY_UISupportedInterfaceOrientations_iPad = "UIInterfaceOrientationPortrait UIInterfaceOrientationPortraitUpsideDown UIInterfaceOrientationLandscapeLeft UIInterfaceOrientationLandscapeRight";
				INFOPLIST_KEY_UISupportedInterfaceOrientations_iPhone = "UIInterfaceOrientationPortrait UIInterfaceOrientationLandscapeLeft UIInterfaceOrientationLandscapeRight";
				LD_RUNPATH_SEARCH_PATHS = (
					"$(inherited)",
					"@executable_path/Frameworks",
				);
				MARKETING_VERSION = 1.0;
				PRODUCT_BUNDLE_IDENTIFIER = "me.thun.kristian.MA23-FoodApp";
				PRODUCT_NAME = "$(TARGET_NAME)";
				SWIFT_EMIT_LOC_STRINGS = YES;
				SWIFT_VERSION = 5.0;
				TARGETED_DEVICE_FAMILY = "1,2";
			};
			name = Debug;
		};
		6D35E9EC2BA836F500699588 /* Release */ = {
			isa = XCBuildConfiguration;
			buildSettings = {
				ASSETCATALOG_COMPILER_APPICON_NAME = AppIcon;
				ASSETCATALOG_COMPILER_GLOBAL_ACCENT_COLOR_NAME = AccentColor;
				CODE_SIGN_STYLE = Automatic;
				CURRENT_PROJECT_VERSION = 1;
				GENERATE_INFOPLIST_FILE = YES;
				INFOPLIST_FILE = MA23_FoodApp/Info.plist;
				INFOPLIST_KEY_UIApplicationSupportsIndirectInputEvents = YES;
				INFOPLIST_KEY_UILaunchStoryboardName = LaunchScreen;
				INFOPLIST_KEY_UIMainStoryboardFile = Main;
				INFOPLIST_KEY_UISupportedInterfaceOrientations_iPad = "UIInterfaceOrientationPortrait UIInterfaceOrientationPortraitUpsideDown UIInterfaceOrientationLandscapeLeft UIInterfaceOrientationLandscapeRight";
				INFOPLIST_KEY_UISupportedInterfaceOrientations_iPhone = "UIInterfaceOrientationPortrait UIInterfaceOrientationLandscapeLeft UIInterfaceOrientationLandscapeRight";
				LD_RUNPATH_SEARCH_PATHS = (
					"$(inherited)",
					"@executable_path/Frameworks",
				);
				MARKETING_VERSION = 1.0;
				PRODUCT_BUNDLE_IDENTIFIER = "me.thun.kristian.MA23-FoodApp";
				PRODUCT_NAME = "$(TARGET_NAME)";
				SWIFT_EMIT_LOC_STRINGS = YES;
				SWIFT_VERSION = 5.0;
				TARGETED_DEVICE_FAMILY = "1,2";
			};
			name = Release;
		};
		6D35E9EE2BA836F500699588 /* Debug */ = {
			isa = XCBuildConfiguration;
			buildSettings = {
				ALWAYS_EMBED_SWIFT_STANDARD_LIBRARIES = YES;
				BUNDLE_LOADER = "$(TEST_HOST)";
				CODE_SIGN_STYLE = Automatic;
				CURRENT_PROJECT_VERSION = 1;
				GENERATE_INFOPLIST_FILE = YES;
				IPHONEOS_DEPLOYMENT_TARGET = 17.4;
				MARKETING_VERSION = 1.0;
				PRODUCT_BUNDLE_IDENTIFIER = "me.thun.kristian.MA23-FoodAppTests";
				PRODUCT_NAME = "$(TARGET_NAME)";
				SWIFT_EMIT_LOC_STRINGS = NO;
				SWIFT_VERSION = 5.0;
				TARGETED_DEVICE_FAMILY = "1,2";
				TEST_HOST = "$(BUILT_PRODUCTS_DIR)/MA23_FoodApp.app/$(BUNDLE_EXECUTABLE_FOLDER_PATH)/MA23_FoodApp";
			};
			name = Debug;
		};
		6D35E9EF2BA836F500699588 /* Release */ = {
			isa = XCBuildConfiguration;
			buildSettings = {
				ALWAYS_EMBED_SWIFT_STANDARD_LIBRARIES = YES;
				BUNDLE_LOADER = "$(TEST_HOST)";
				CODE_SIGN_STYLE = Automatic;
				CURRENT_PROJECT_VERSION = 1;
				GENERATE_INFOPLIST_FILE = YES;
				IPHONEOS_DEPLOYMENT_TARGET = 17.4;
				MARKETING_VERSION = 1.0;
				PRODUCT_BUNDLE_IDENTIFIER = "me.thun.kristian.MA23-FoodAppTests";
				PRODUCT_NAME = "$(TARGET_NAME)";
				SWIFT_EMIT_LOC_STRINGS = NO;
				SWIFT_VERSION = 5.0;
				TARGETED_DEVICE_FAMILY = "1,2";
				TEST_HOST = "$(BUILT_PRODUCTS_DIR)/MA23_FoodApp.app/$(BUNDLE_EXECUTABLE_FOLDER_PATH)/MA23_FoodApp";
			};
			name = Release;
		};
		6D35E9F12BA836F500699588 /* Debug */ = {
			isa = XCBuildConfiguration;
			buildSettings = {
				ALWAYS_EMBED_SWIFT_STANDARD_LIBRARIES = YES;
				CODE_SIGN_STYLE = Automatic;
				CURRENT_PROJECT_VERSION = 1;
				GENERATE_INFOPLIST_FILE = YES;
				MARKETING_VERSION = 1.0;
				PRODUCT_BUNDLE_IDENTIFIER = "me.thun.kristian.MA23-FoodAppUITests";
				PRODUCT_NAME = "$(TARGET_NAME)";
				SWIFT_EMIT_LOC_STRINGS = NO;
				SWIFT_VERSION = 5.0;
				TARGETED_DEVICE_FAMILY = "1,2";
				TEST_TARGET_NAME = MA23_FoodApp;
			};
			name = Debug;
		};
		6D35E9F22BA836F500699588 /* Release */ = {
			isa = XCBuildConfiguration;
			buildSettings = {
				ALWAYS_EMBED_SWIFT_STANDARD_LIBRARIES = YES;
				CODE_SIGN_STYLE = Automatic;
				CURRENT_PROJECT_VERSION = 1;
				GENERATE_INFOPLIST_FILE = YES;
				MARKETING_VERSION = 1.0;
				PRODUCT_BUNDLE_IDENTIFIER = "me.thun.kristian.MA23-FoodAppUITests";
				PRODUCT_NAME = "$(TARGET_NAME)";
				SWIFT_EMIT_LOC_STRINGS = NO;
				SWIFT_VERSION = 5.0;
				TARGETED_DEVICE_FAMILY = "1,2";
				TEST_TARGET_NAME = MA23_FoodApp;
			};
			name = Release;
		};
/* End XCBuildConfiguration section */

/* Begin XCConfigurationList section */
		6D35E9BB2BA836F300699588 /* Build configuration list for PBXProject "MA23_FoodApp" */ = {
			isa = XCConfigurationList;
			buildConfigurations = (
				6D35E9E82BA836F500699588 /* Debug */,
				6D35E9E92BA836F500699588 /* Release */,
			);
			defaultConfigurationIsVisible = 0;
			defaultConfigurationName = Release;
		};
		6D35E9EA2BA836F500699588 /* Build configuration list for PBXNativeTarget "MA23_FoodApp" */ = {
			isa = XCConfigurationList;
			buildConfigurations = (
				6D35E9EB2BA836F500699588 /* Debug */,
				6D35E9EC2BA836F500699588 /* Release */,
			);
			defaultConfigurationIsVisible = 0;
			defaultConfigurationName = Release;
		};
		6D35E9ED2BA836F500699588 /* Build configuration list for PBXNativeTarget "MA23_FoodAppTests" */ = {
			isa = XCConfigurationList;
			buildConfigurations = (
				6D35E9EE2BA836F500699588 /* Debug */,
				6D35E9EF2BA836F500699588 /* Release */,
			);
			defaultConfigurationIsVisible = 0;
			defaultConfigurationName = Release;
		};
		6D35E9F02BA836F500699588 /* Build configuration list for PBXNativeTarget "MA23_FoodAppUITests" */ = {
			isa = XCConfigurationList;
			buildConfigurations = (
				6D35E9F12BA836F500699588 /* Debug */,
				6D35E9F22BA836F500699588 /* Release */,
			);
			defaultConfigurationIsVisible = 0;
			defaultConfigurationName = Release;
		};
/* End XCConfigurationList section */
	};
	rootObject = 6D35E9B82BA836F300699588 /* Project object */;
}
